
Microsoft Visual Studio Solution File, Format Version 12.00
# Visual Studio Version 17
VisualStudioVersion = 17.7.34009.444
MinimumVisualStudioVersion = 10.0.40219.1
Project("{FAE04EC0-301F-11D3-BF4B-00C04F79EFBC}") = "HYS_DESKTOP", "HYS_DESKTOP\HYS_DESKTOP.csproj", "{5803A38E-C3F0-47B9-8EC1-A6C5C18685FE}"
EndProject
Global
	GlobalSection(SolutionConfigurationPlatforms) = preSolution
		Debug|Any CPU = Debug|Any CPU
		Release|Any CPU = Release|Any CPU
	EndGlobalSection
	GlobalSection(ProjectConfigurationPlatforms) = postSolution
		{5803A38E-C3F0-47B9-8EC1-A6C5C18685FE}.Debug|Any CPU.ActiveCfg = Debug|Any CPU
		{5803A38E-C3F0-47B9-8EC1-A6C5C18685FE}.Debug|Any CPU.Build.0 = Debug|Any CPU
		{5803A38E-C3F0-47B9-8EC1-A6C5C18685FE}.Release|Any CPU.ActiveCfg = Release|Any CPU
		{5803A38E-C3F0-47B9-8EC1-A6C5C18685FE}.Release|Any CPU.Build.0 = Release|Any CPU
	EndGlobalSection
	GlobalSection(SolutionProperties) = preSolution
		HideSolutionNode = FALSE
	EndGlobalSection
	GlobalSection(ExtensibilityGlobals) = postSolution
		SolutionGuid = {52B21CC7-DA60-4ABB-A89F-C4C12B80BD2E}
	EndGlobalSection
EndGlobal
